
Microsoft Visual Studio Solution File, Format Version 12.00
# Visual Studio 15
VisualStudioVersion = 15.0.28307.168
MinimumVisualStudioVersion = 10.0.40219.1
Project("{FAE04EC0-301F-11D3-BF4B-00C04F79EFBC}") = "c0730319_arrays", "c0730319_arrays\c0730319_arrays.csproj", "{400B3BE2-D4BE-4FE5-A7DE-0A3C4DA4A594}"
EndProject
Global
	GlobalSection(SolutionConfigurationPlatforms) = preSolution
		Debug|Any CPU = Debug|Any CPU
		Release|Any CPU = Release|Any CPU
	EndGlobalSection
	GlobalSection(ProjectConfigurationPlatforms) = postSolution
		{400B3BE2-D4BE-4FE5-A7DE-0A3C4DA4A594}.Debug|Any CPU.ActiveCfg = Debug|Any CPU
		{400B3BE2-D4BE-4FE5-A7DE-0A3C4DA4A594}.Debug|Any CPU.Build.0 = Debug|Any CPU
		{400B3BE2-D4BE-4FE5-A7DE-0A3C4DA4A594}.Release|Any CPU.ActiveCfg = Release|Any CPU
		{400B3BE2-D4BE-4FE5-A7DE-0A3C4DA4A594}.Release|Any CPU.Build.0 = Release|Any CPU
	EndGlobalSection
	GlobalSection(SolutionProperties) = preSolution
		HideSolutionNode = FALSE
	EndGlobalSection
	GlobalSection(ExtensibilityGlobals) = postSolution
		SolutionGuid = {AFB5C598-E941-4F95-AD60-06401C2A93D8}
	EndGlobalSection
EndGlobal
